// !$*UTF8*$!
{
	archiveVersion = 1;
	classes = {
	};
	objectVersion = 46;
	objects = {

/* Begin PBXBuildFile section */
		210D170B19D51ADF00F0A7D9 /* 3-ControlStructures.swift in Sources */ = {isa = PBXBuildFile; fileRef = 210D170A19D51ADF00F0A7D9 /* 3-ControlStructures.swift */; };
		210D170D19D51FA600F0A7D9 /* 4-Functions.swift in Sources */ = {isa = PBXBuildFile; fileRef = 210D170C19D51FA600F0A7D9 /* 4-Functions.swift */; };
		21207E0B194930EA00741939 /* 2-Optionals.swift in Sources */ = {isa = PBXBuildFile; fileRef = 21207E0A194930EA00741939 /* 2-Optionals.swift */; };
		21207E0D1949379700741939 /* MemoryManagement.swift in Sources */ = {isa = PBXBuildFile; fileRef = 21207E0C1949379700741939 /* MemoryManagement.swift */; };
		216A0B36194359F8007155B2 /* Person.swift in Sources */ = {isa = PBXBuildFile; fileRef = 216A0B34194359F8007155B2 /* Person.swift */; };
		216A0B37194359F8007155B2 /* Printable.swift in Sources */ = {isa = PBXBuildFile; fileRef = 216A0B35194359F8007155B2 /* Printable.swift */; };
		216AF3C619D514A2000FE3F3 /* Operators.swift in Sources */ = {isa = PBXBuildFile; fileRef = 216AF3C519D514A2000FE3F3 /* Operators.swift */; };
		21888B0B194E942D001C6CDB /* README.md in Sources */ = {isa = PBXBuildFile; fileRef = 21888B0A194E942D001C6CDB /* README.md */; };
		21ABC49E195CFBCA002F8AEB /* ObjectiveCInterop.swift in Sources */ = {isa = PBXBuildFile; fileRef = 21ABC49D195CFBCA002F8AEB /* ObjectiveCInterop.swift */; };
		21B49770194E8938000B3A26 /* Generics.swift in Sources */ = {isa = PBXBuildFile; fileRef = 21B4976F194E8938000B3A26 /* Generics.swift */; };
		21B49774194E8A13000B3A26 /* 1-Types.swift in Sources */ = {isa = PBXBuildFile; fileRef = 21B49773194E8A13000B3A26 /* 1-Types.swift */; };
		21B49776194E8B5D000B3A26 /* Objects.swift in Sources */ = {isa = PBXBuildFile; fileRef = 21B49775194E8B5D000B3A26 /* Objects.swift */; };
		21CDFC0C1963B04100F7121D /* ObjcClass.m in Sources */ = {isa = PBXBuildFile; fileRef = 21CDFC0B1963B04100F7121D /* ObjcClass.m */; };
		21CDFC0E1963B3B600F7121D /* FuncQueue.swift in Sources */ = {isa = PBXBuildFile; fileRef = 21CDFC0D1963B3B600F7121D /* FuncQueue.swift */; };
		21D86323194356D900374C60 /* main.swift in Sources */ = {isa = PBXBuildFile; fileRef = 21D86322194356D900374C60 /* main.swift */; };
		21E493D2194941D2000987D7 /* Closures.swift in Sources */ = {isa = PBXBuildFile; fileRef = 21E493D1194941D2000987D7 /* Closures.swift */; };
		21E493D419494686000987D7 /* Switch.swift in Sources */ = {isa = PBXBuildFile; fileRef = 21E493D319494686000987D7 /* Switch.swift */; };
/* End PBXBuildFile section */

/* Begin PBXCopyFilesBuildPhase section */
		21D8631D194356D900374C60 /* CopyFiles */ = {
			isa = PBXCopyFilesBuildPhase;
			buildActionMask = 2147483647;
			dstPath = /usr/share/man/man1/;
			dstSubfolderSpec = 0;
			files = (
			);
			runOnlyForDeploymentPostprocessing = 1;
		};
/* End PBXCopyFilesBuildPhase section */

/* Begin PBXFileReference section */
		210D170A19D51ADF00F0A7D9 /* 3-ControlStructures.swift */ = {isa = PBXFileReference; fileEncoding = 4; lastKnownFileType = sourcecode.swift; path = "3-ControlStructures.swift"; sourceTree = "<group>"; };
		210D170C19D51FA600F0A7D9 /* 4-Functions.swift */ = {isa = PBXFileReference; fileEncoding = 4; lastKnownFileType = sourcecode.swift; path = "4-Functions.swift"; sourceTree = "<group>"; };
		21207E0A194930EA00741939 /* 2-Optionals.swift */ = {isa = PBXFileReference; fileEncoding = 4; lastKnownFileType = sourcecode.swift; path = "2-Optionals.swift"; sourceTree = "<group>"; };
		21207E0C1949379700741939 /* MemoryManagement.swift */ = {isa = PBXFileReference; fileEncoding = 4; lastKnownFileType = sourcecode.swift; path = MemoryManagement.swift; sourceTree = "<group>"; };
		216A0B34194359F8007155B2 /* Person.swift */ = {isa = PBXFileReference; fileEncoding = 4; lastKnownFileType = sourcecode.swift; path = Person.swift; sourceTree = "<group>"; };
		216A0B35194359F8007155B2 /* Printable.swift */ = {isa = PBXFileReference; fileEncoding = 4; lastKnownFileType = sourcecode.swift; path = Printable.swift; sourceTree = "<group>"; };
		216AF3C519D514A2000FE3F3 /* Operators.swift */ = {isa = PBXFileReference; fileEncoding = 4; lastKnownFileType = sourcecode.swift; path = Operators.swift; sourceTree = "<group>"; };
		21888B0A194E942D001C6CDB /* README.md */ = {isa = PBXFileReference; fileEncoding = 4; lastKnownFileType = net.daringfireball.markdown; path = README.md; sourceTree = "<group>"; };
		21ABC499195CFB6F002F8AEB /* swift-fundamentals-Bridging-Header.h */ = {isa = PBXFileReference; lastKnownFileType = sourcecode.c.h; path = "swift-fundamentals-Bridging-Header.h"; sourceTree = "<group>"; };
		21ABC49D195CFBCA002F8AEB /* ObjectiveCInterop.swift */ = {isa = PBXFileReference; fileEncoding = 4; lastKnownFileType = sourcecode.swift; path = ObjectiveCInterop.swift; sourceTree = "<group>"; };
		21B4976F194E8938000B3A26 /* Generics.swift */ = {isa = PBXFileReference; fileEncoding = 4; lastKnownFileType = sourcecode.swift; path = Generics.swift; sourceTree = "<group>"; };
		21B49773194E8A13000B3A26 /* 1-Types.swift */ = {isa = PBXFileReference; fileEncoding = 4; lastKnownFileType = sourcecode.swift; path = "1-Types.swift"; sourceTree = "<group>"; };
		21B49775194E8B5D000B3A26 /* Objects.swift */ = {isa = PBXFileReference; fileEncoding = 4; lastKnownFileType = sourcecode.swift; path = Objects.swift; sourceTree = "<group>"; };
		21CDFC0A1963B04100F7121D /* ObjcClass.h */ = {isa = PBXFileReference; fileEncoding = 4; lastKnownFileType = sourcecode.c.h; path = ObjcClass.h; sourceTree = "<group>"; };
		21CDFC0B1963B04100F7121D /* ObjcClass.m */ = {isa = PBXFileReference; fileEncoding = 4; lastKnownFileType = sourcecode.c.objc; path = ObjcClass.m; sourceTree = "<group>"; };
		21CDFC0D1963B3B600F7121D /* FuncQueue.swift */ = {isa = PBXFileReference; fileEncoding = 4; lastKnownFileType = sourcecode.swift; path = FuncQueue.swift; sourceTree = "<group>"; };
		21D8631F194356D900374C60 /* swift-fundamentals */ = {isa = PBXFileReference; explicitFileType = "compiled.mach-o.executable"; includeInIndex = 0; path = "swift-fundamentals"; sourceTree = BUILT_PRODUCTS_DIR; };
		21D86322194356D900374C60 /* main.swift */ = {isa = PBXFileReference; lastKnownFileType = sourcecode.swift; name = main.swift; path = "swift-fundamentals/main.swift"; sourceTree = "<group>"; };
		21E493D1194941D2000987D7 /* Closures.swift */ = {isa = PBXFileReference; fileEncoding = 4; lastKnownFileType = sourcecode.swift; path = Closures.swift; sourceTree = "<group>"; };
		21E493D319494686000987D7 /* Switch.swift */ = {isa = PBXFileReference; fileEncoding = 4; lastKnownFileType = sourcecode.swift; path = Switch.swift; sourceTree = "<group>"; };
/* End PBXFileReference section */

/* Begin PBXFrameworksBuildPhase section */
		21D8631C194356D900374C60 /* Frameworks */ = {
			isa = PBXFrameworksBuildPhase;
			buildActionMask = 2147483647;
			files = (
			);
			runOnlyForDeploymentPostprocessing = 0;
		};
/* End PBXFrameworksBuildPhase section */

/* Begin PBXGroup section */
		216A0B31194357D7007155B2 /* Classes */ = {
			isa = PBXGroup;
			children = (
				216A0B34194359F8007155B2 /* Person.swift */,
				216A0B35194359F8007155B2 /* Printable.swift */,
				21CDFC0D1963B3B600F7121D /* FuncQueue.swift */,
			);
			name = Classes;
			path = "swift-fundamentals/Classes";
			sourceTree = "<group>";
		};
		21CDFC091963B02600F7121D /* Objective-C */ = {
			isa = PBXGroup;
			children = (
				21CDFC0A1963B04100F7121D /* ObjcClass.h */,
				21CDFC0B1963B04100F7121D /* ObjcClass.m */,
			);
			path = "Objective-C";
			sourceTree = "<group>";
		};
		21D86316194356D900374C60 = {
			isa = PBXGroup;
			children = (
				210D170C19D51FA600F0A7D9 /* 4-Functions.swift */,
				216AF3C519D514A2000FE3F3 /* Operators.swift */,
				21888B0A194E942D001C6CDB /* README.md */,
				21D86322194356D900374C60 /* main.swift */,
				21B49773194E8A13000B3A26 /* 1-Types.swift */,
				21207E0A194930EA00741939 /* 2-Optionals.swift */,
				210D170A19D51ADF00F0A7D9 /* 3-ControlStructures.swift */,
				21E493D319494686000987D7 /* Switch.swift */,
				21B4976F194E8938000B3A26 /* Generics.swift */,
				21E493D1194941D2000987D7 /* Closures.swift */,
				21207E0C1949379700741939 /* MemoryManagement.swift */,
				21B49775194E8B5D000B3A26 /* Objects.swift */,
				21ABC49D195CFBCA002F8AEB /* ObjectiveCInterop.swift */,
				216A0B31194357D7007155B2 /* Classes */,
				21CDFC091963B02600F7121D /* Objective-C */,
				21D86320194356D900374C60 /* Products */,
				21ABC499195CFB6F002F8AEB /* swift-fundamentals-Bridging-Header.h */,
			);
			sourceTree = "<group>";
		};
		21D86320194356D900374C60 /* Products */ = {
			isa = PBXGroup;
			children = (
				21D8631F194356D900374C60 /* swift-fundamentals */,
			);
			name = Products;
			sourceTree = "<group>";
		};
/* End PBXGroup section */

/* Begin PBXNativeTarget section */
		21D8631E194356D900374C60 /* swift-fundamentals */ = {
			isa = PBXNativeTarget;
			buildConfigurationList = 21D86326194356D900374C60 /* Build configuration list for PBXNativeTarget "swift-fundamentals" */;
			buildPhases = (
				21D8631B194356D900374C60 /* Sources */,
				21D8631C194356D900374C60 /* Frameworks */,
				21D8631D194356D900374C60 /* CopyFiles */,
			);
			buildRules = (
			);
			dependencies = (
			);
			name = "swift-fundamentals";
			productName = "swift-fundamentals";
			productReference = 21D8631F194356D900374C60 /* swift-fundamentals */;
			productType = "com.apple.product-type.tool";
		};
/* End PBXNativeTarget section */

/* Begin PBXProject section */
		21D86317194356D900374C60 /* Project object */ = {
			isa = PBXProject;
			attributes = {
				LastUpgradeCheck = 0600;
				ORGANIZATIONNAME = "Damon Allison";
				TargetAttributes = {
					21D8631E194356D900374C60 = {
						CreatedOnToolsVersion = 6.0;
					};
				};
			};
			buildConfigurationList = 21D8631A194356D900374C60 /* Build configuration list for PBXProject "swift-fundamentals" */;
			compatibilityVersion = "Xcode 3.2";
			developmentRegion = English;
			hasScannedForEncodings = 0;
			knownRegions = (
				en,
			);
			mainGroup = 21D86316194356D900374C60;
			productRefGroup = 21D86320194356D900374C60 /* Products */;
			projectDirPath = "";
			projectRoot = "";
			targets = (
				21D8631E194356D900374C60 /* swift-fundamentals */,
			);
		};
/* End PBXProject section */

/* Begin PBXSourcesBuildPhase section */
		21D8631B194356D900374C60 /* Sources */ = {
			isa = PBXSourcesBuildPhase;
			buildActionMask = 2147483647;
			files = (
				21207E0D1949379700741939 /* MemoryManagement.swift in Sources */,
				21CDFC0E1963B3B600F7121D /* FuncQueue.swift in Sources */,
				21B49770194E8938000B3A26 /* Generics.swift in Sources */,
				210D170D19D51FA600F0A7D9 /* 4-Functions.swift in Sources */,
				21B49776194E8B5D000B3A26 /* Objects.swift in Sources */,
				21B49774194E8A13000B3A26 /* 1-Types.swift in Sources */,
				216A0B36194359F8007155B2 /* Person.swift in Sources */,
				21D86323194356D900374C60 /* main.swift in Sources */,
				210D170B19D51ADF00F0A7D9 /* 3-ControlStructures.swift in Sources */,
				21888B0B194E942D001C6CDB /* README.md in Sources */,
				216A0B37194359F8007155B2 /* Printable.swift in Sources */,
				21207E0B194930EA00741939 /* 2-Optionals.swift in Sources */,
				21E493D2194941D2000987D7 /* Closures.swift in Sources */,
				216AF3C619D514A2000FE3F3 /* Operators.swift in Sources */,
				21CDFC0C1963B04100F7121D /* ObjcClass.m in Sources */,
				21ABC49E195CFBCA002F8AEB /* ObjectiveCInterop.swift in Sources */,
				21E493D419494686000987D7 /* Switch.swift in Sources */,
			);
			runOnlyForDeploymentPostprocessing = 0;
		};
/* End PBXSourcesBuildPhase section */

/* Begin XCBuildConfiguration section */
		21D86324194356D900374C60 /* Debug */ = {
			isa = XCBuildConfiguration;
			buildSettings = {
				ALWAYS_SEARCH_USER_PATHS = NO;
				CLANG_CXX_LANGUAGE_STANDARD = "gnu++0x";
				CLANG_CXX_LIBRARY = "libc++";
				CLANG_ENABLE_MODULES = YES;
				CLANG_ENABLE_OBJC_ARC = YES;
				CLANG_WARN_BOOL_CONVERSION = YES;
				CLANG_WARN_CONSTANT_CONVERSION = YES;
				CLANG_WARN_DIRECT_OBJC_ISA_USAGE = YES_ERROR;
				CLANG_WARN_EMPTY_BODY = YES;
				CLANG_WARN_ENUM_CONVERSION = YES;
				CLANG_WARN_INT_CONVERSION = YES;
				CLANG_WARN_OBJC_ROOT_CLASS = YES_ERROR;
				CLANG_WARN_UNREACHABLE_CODE = YES;
				CLANG_WARN__DUPLICATE_METHOD_MATCH = YES;
				COPY_PHASE_STRIP = NO;
				ENABLE_STRICT_OBJC_MSGSEND = YES;
				GCC_C_LANGUAGE_STANDARD = gnu99;
				GCC_DYNAMIC_NO_PIC = NO;
				GCC_OPTIMIZATION_LEVEL = 0;
				GCC_PREPROCESSOR_DEFINITIONS = (
					"DEBUG=1",
					"$(inherited)",
				);
				GCC_SYMBOLS_PRIVATE_EXTERN = NO;
				GCC_WARN_64_TO_32_BIT_CONVERSION = YES;
				GCC_WARN_ABOUT_RETURN_TYPE = YES_ERROR;
				GCC_WARN_UNDECLARED_SELECTOR = YES;
				GCC_WARN_UNINITIALIZED_AUTOS = YES_AGGRESSIVE;
				GCC_WARN_UNUSED_FUNCTION = YES;
				GCC_WARN_UNUSED_VARIABLE = YES;
				MACOSX_DEPLOYMENT_TARGET = 10.10;
				METAL_ENABLE_DEBUG_INFO = YES;
				ONLY_ACTIVE_ARCH = YES;
				SDKROOT = macosx;
				SWIFT_OPTIMIZATION_LEVEL = "-Onone";
			};
			name = Debug;
		};
		21D86325194356D900374C60 /* Release */ = {
			isa = XCBuildConfiguration;
			buildSettings = {
				ALWAYS_SEARCH_USER_PATHS = NO;
				CLANG_CXX_LANGUAGE_STANDARD = "gnu++0x";
				CLANG_CXX_LIBRARY = "libc++";
				CLANG_ENABLE_MODULES = YES;
				CLANG_ENABLE_OBJC_ARC = YES;
				CLANG_WARN_BOOL_CONVERSION = YES;
				CLANG_WARN_CONSTANT_CONVERSION = YES;
				CLANG_WARN_DIRECT_OBJC_ISA_USAGE = YES_ERROR;
				CLANG_WARN_EMPTY_BODY = YES;
				CLANG_WARN_ENUM_CONVERSION = YES;
				CLANG_WARN_INT_CONVERSION = YES;
				CLANG_WARN_OBJC_ROOT_CLASS = YES_ERROR;
				CLANG_WARN_UNREACHABLE_CODE = YES;
				CLANG_WARN__DUPLICATE_METHOD_MATCH = YES;
				COPY_PHASE_STRIP = YES;
				DEBUG_INFORMATION_FORMAT = "dwarf-with-dsym";
				ENABLE_NS_ASSERTIONS = NO;
				ENABLE_STRICT_OBJC_MSGSEND = YES;
				GCC_C_LANGUAGE_STANDARD = gnu99;
				GCC_WARN_64_TO_32_BIT_CONVERSION = YES;
				GCC_WARN_ABOUT_RETURN_TYPE = YES_ERROR;
				GCC_WARN_UNDECLARED_SELECTOR = YES;
				GCC_WARN_UNINITIALIZED_AUTOS = YES_AGGRESSIVE;
				GCC_WARN_UNUSED_FUNCTION = YES;
				GCC_WARN_UNUSED_VARIABLE = YES;
				MACOSX_DEPLOYMENT_TARGET = 10.10;
				METAL_ENABLE_DEBUG_INFO = NO;
				SDKROOT = macosx;
			};
			name = Release;
		};
		21D86327194356D900374C60 /* Debug */ = {
			isa = XCBuildConfiguration;
			buildSettings = {
				CLANG_ENABLE_MODULES = YES;
				FRAMEWORK_SEARCH_PATHS = (
					"$(inherited)",
					"$(USER_LIBRARY_DIR)/Developer/Xcode/DerivedData/swift-fundamentals-workspace-fkuumznwbrnscgamfrpeoklpdici/Build/Products/Debug",
				);
				LD_RUNPATH_SEARCH_PATHS = "$(inherited) @executable_path/../Frameworks @loader_path/../Frameworks";
				MACOSX_DEPLOYMENT_TARGET = 10.9;
				PRODUCT_NAME = "$(TARGET_NAME)";
				SWIFT_OBJC_BRIDGING_HEADER = "swift-fundamentals-Bridging-Header.h";
				SWIFT_OPTIMIZATION_LEVEL = "-Onone";
			};
			name = Debug;
		};
		21D86328194356D900374C60 /* Release */ = {
			isa = XCBuildConfiguration;
			buildSettings = {
				CLANG_ENABLE_MODULES = YES;
				FRAMEWORK_SEARCH_PATHS = (
					"$(inherited)",
					"$(USER_LIBRARY_DIR)/Developer/Xcode/DerivedData/swift-fundamentals-workspace-fkuumznwbrnscgamfrpeoklpdici/Build/Products/Debug",
				);
				LD_RUNPATH_SEARCH_PATHS = "$(inherited) @executable_path/../Frameworks @loader_path/../Frameworks";
				MACOSX_DEPLOYMENT_TARGET = 10.9;
				PRODUCT_NAME = "$(TARGET_NAME)";
				SWIFT_OBJC_BRIDGING_HEADER = "swift-fundamentals-Bridging-Header.h";
			};
			name = Release;
		};
/* End XCBuildConfiguration section */

/* Begin XCConfigurationList section */
		21D8631A194356D900374C60 /* Build configuration list for PBXProject "swift-fundamentals" */ = {
			isa = XCConfigurationList;
			buildConfigurations = (
				21D86324194356D900374C60 /* Debug */,
				21D86325194356D900374C60 /* Release */,
			);
			defaultConfigurationIsVisible = 0;
			defaultConfigurationName = Release;
		};
		21D86326194356D900374C60 /* Build configuration list for PBXNativeTarget "swift-fundamentals" */ = {
			isa = XCConfigurationList;
			buildConfigurations = (
				21D86327194356D900374C60 /* Debug */,
				21D86328194356D900374C60 /* Release */,
			);
			defaultConfigurationIsVisible = 0;
			defaultConfigurationName = Release;
		};
/* End XCConfigurationList section */
	};
	rootObject = 21D86317194356D900374C60 /* Project object */;
}
