// !$*UTF8*$!
{
	archiveVersion = 1;
	classes = {
	};
	objectVersion = 50;
	objects = {

/* Begin PBXBuildFile section */
		213164AD21888395000DA45E /* NSString+DRAFormatting.m in Sources */ = {isa = PBXBuildFile; fileRef = 213164AC21888395000DA45E /* NSString+DRAFormatting.m */; };
		2142BE39218880C90062BC16 /* Batman.m in Sources */ = {isa = PBXBuildFile; fileRef = 2142BE37218880C90062BC16 /* Batman.m */; };
		2142BE3A218880C90062BC16 /* Person.m in Sources */ = {isa = PBXBuildFile; fileRef = 2142BE38218880C90062BC16 /* Person.m */; };
		2142BE3D218881090062BC16 /* ProtocolInheritanceExample.m in Sources */ = {isa = PBXBuildFile; fileRef = 2142BE3C218881090062BC16 /* ProtocolInheritanceExample.m */; };
		2142BE402188811D0062BC16 /* Runtime.m in Sources */ = {isa = PBXBuildFile; fileRef = 2142BE3E2188811C0062BC16 /* Runtime.m */; };
		2142BE432188812C0062BC16 /* GCDTest.m in Sources */ = {isa = PBXBuildFile; fileRef = 2142BE412188812B0062BC16 /* GCDTest.m */; };
		2162C84121887A4600C91F5B /* FrameworkTests.swift in Sources */ = {isa = PBXBuildFile; fileRef = 21D4ED4221864C75003A1B4C /* FrameworkTests.swift */; };
		2162C84421887A7300C91F5B /* Calculator.framework in Frameworks */ = {isa = PBXBuildFile; fileRef = 2162C84321887A7300C91F5B /* Calculator.framework */; };
		2162C84521887B7C00C91F5B /* ObjectiveCInteropTests.swift in Sources */ = {isa = PBXBuildFile; fileRef = 21D4ED4421864C75003A1B4C /* ObjectiveCInteropTests.swift */; };
		2162C84621887B8500C91F5B /* ObjcClass.m in Sources */ = {isa = PBXBuildFile; fileRef = 21D4ED4621864C75003A1B4C /* ObjcClass.m */; };
		21D4ECEE21864C1F003A1B4C /* AppDelegate.swift in Sources */ = {isa = PBXBuildFile; fileRef = 21D4ECED21864C1F003A1B4C /* AppDelegate.swift */; };
		21D4ECF021864C1F003A1B4C /* ViewController.swift in Sources */ = {isa = PBXBuildFile; fileRef = 21D4ECEF21864C1F003A1B4C /* ViewController.swift */; };
		21D4ECF321864C1F003A1B4C /* Main.storyboard in Resources */ = {isa = PBXBuildFile; fileRef = 21D4ECF121864C1F003A1B4C /* Main.storyboard */; };
		21D4ECF521864C22003A1B4C /* Assets.xcassets in Resources */ = {isa = PBXBuildFile; fileRef = 21D4ECF421864C22003A1B4C /* Assets.xcassets */; };
		21D4ECF821864C22003A1B4C /* LaunchScreen.storyboard in Resources */ = {isa = PBXBuildFile; fileRef = 21D4ECF621864C22003A1B4C /* LaunchScreen.storyboard */; };
		21D4ED0E21864C22003A1B4C /* SwiftFundamentals_iOSUITests.swift in Sources */ = {isa = PBXBuildFile; fileRef = 21D4ED0D21864C22003A1B4C /* SwiftFundamentals_iOSUITests.swift */; };
		21D4ED5721864C94003A1B4C /* Globals.swift in Sources */ = {isa = PBXBuildFile; fileRef = 21D4ED5621864C94003A1B4C /* Globals.swift */; };
		21D4ED5921864C98003A1B4C /* Environment.swift in Sources */ = {isa = PBXBuildFile; fileRef = 21D4ED5821864C98003A1B4C /* Environment.swift */; };
		21D4ED5C21864D6C003A1B4C /* SR7874.swift in Sources */ = {isa = PBXBuildFile; fileRef = 21D4ED3F21864C75003A1B4C /* SR7874.swift */; };
		21D4ED5D21864D6C003A1B4C /* SR7261.swift in Sources */ = {isa = PBXBuildFile; fileRef = 21D4ED4021864C75003A1B4C /* SR7261.swift */; };
		21D4ED5E21864E65003A1B4C /* FuncQueue.swift in Sources */ = {isa = PBXBuildFile; fileRef = 21D4ED2921864C74003A1B4C /* FuncQueue.swift */; };
		21D4ED5F21864E6E003A1B4C /* AccessControlTests.swift in Sources */ = {isa = PBXBuildFile; fileRef = 21D4ED2B21864C74003A1B4C /* AccessControlTests.swift */; };
		21D4ED6021864E6E003A1B4C /* CommentTests.swift in Sources */ = {isa = PBXBuildFile; fileRef = 21D4ED2C21864C74003A1B4C /* CommentTests.swift */; };
		21D4ED6121864E6E003A1B4C /* ControlFlow.swift in Sources */ = {isa = PBXBuildFile; fileRef = 21D4ED2D21864C74003A1B4C /* ControlFlow.swift */; };
		21D4ED6221864E6E003A1B4C /* ErrorHandlingTests.swift in Sources */ = {isa = PBXBuildFile; fileRef = 21D4ED2E21864C74003A1B4C /* ErrorHandlingTests.swift */; };
		21D4ED6321864E6E003A1B4C /* EnumTests.swift in Sources */ = {isa = PBXBuildFile; fileRef = 21D4ED2F21864C74003A1B4C /* EnumTests.swift */; };
		21D4ED6421864E6E003A1B4C /* ExtensionsTests.swift in Sources */ = {isa = PBXBuildFile; fileRef = 21D4ED3021864C74003A1B4C /* ExtensionsTests.swift */; };
		21D4ED6521864E6E003A1B4C /* FunctionsTests.swift in Sources */ = {isa = PBXBuildFile; fileRef = 21D4ED3121864C74003A1B4C /* FunctionsTests.swift */; };
		21D4ED6621864E6E003A1B4C /* MemoryManagementTests.swift in Sources */ = {isa = PBXBuildFile; fileRef = 21D4ED3221864C74003A1B4C /* MemoryManagementTests.swift */; };
		21D4ED6721864E6E003A1B4C /* NestedTypesTest.swift in Sources */ = {isa = PBXBuildFile; fileRef = 21D4ED3321864C74003A1B4C /* NestedTypesTest.swift */; };
		21D4ED6821864E6E003A1B4C /* OptionalsTests.swift in Sources */ = {isa = PBXBuildFile; fileRef = 21D4ED3421864C74003A1B4C /* OptionalsTests.swift */; };
		21D4ED6921864E6E003A1B4C /* PrimitiveTypeTests.swift in Sources */ = {isa = PBXBuildFile; fileRef = 21D4ED3521864C74003A1B4C /* PrimitiveTypeTests.swift */; };
		21D4ED6A21864E6E003A1B4C /* ProtocolTests.swift in Sources */ = {isa = PBXBuildFile; fileRef = 21D4ED3621864C74003A1B4C /* ProtocolTests.swift */; };
		21D4ED6B21864E6E003A1B4C /* StringTests.swift in Sources */ = {isa = PBXBuildFile; fileRef = 21D4ED3721864C74003A1B4C /* StringTests.swift */; };
		21D4ED6C21864E6E003A1B4C /* StructuresTests.swift in Sources */ = {isa = PBXBuildFile; fileRef = 21D4ED3821864C74003A1B4C /* StructuresTests.swift */; };
		21D4ED6D21864E6E003A1B4C /* TypeCastingTests.swift in Sources */ = {isa = PBXBuildFile; fileRef = 21D4ED3921864C74003A1B4C /* TypeCastingTests.swift */; };
		21D4ED6F21864ECA003A1B4C /* GenericsTests.swift in Sources */ = {isa = PBXBuildFile; fileRef = 21D4ED4821864C76003A1B4C /* GenericsTests.swift */; };
		21D4ED7021864ECA003A1B4C /* AssociatedTypesTests.swift in Sources */ = {isa = PBXBuildFile; fileRef = 21D4ED4921864C76003A1B4C /* AssociatedTypesTests.swift */; };
		21D4ED7121864ECA003A1B4C /* Container.swift in Sources */ = {isa = PBXBuildFile; fileRef = 21D4ED4A21864C76003A1B4C /* Container.swift */; };
		21D4ED7221864ECA003A1B4C /* Stack.swift in Sources */ = {isa = PBXBuildFile; fileRef = 21D4ED4B21864C76003A1B4C /* Stack.swift */; };
		21D4ED7321864ECA003A1B4C /* ClassesTests.swift in Sources */ = {isa = PBXBuildFile; fileRef = 21D4ED4D21864C76003A1B4C /* ClassesTests.swift */; };
		21D4ED7421864ECA003A1B4C /* OperatorOverloadTests.swift in Sources */ = {isa = PBXBuildFile; fileRef = 21D4ED4E21864C76003A1B4C /* OperatorOverloadTests.swift */; };
		21D4ED7521864ECA003A1B4C /* Person.swift in Sources */ = {isa = PBXBuildFile; fileRef = 21D4ED4F21864C76003A1B4C /* Person.swift */; };
		21D4ED7621864ECA003A1B4C /* Printable.swift in Sources */ = {isa = PBXBuildFile; fileRef = 21D4ED5021864C76003A1B4C /* Printable.swift */; };
		21D4ED7721864ECA003A1B4C /* Rectangle.swift in Sources */ = {isa = PBXBuildFile; fileRef = 21D4ED5121864C76003A1B4C /* Rectangle.swift */; };
		21D4ED7821864ECA003A1B4C /* Square.swift in Sources */ = {isa = PBXBuildFile; fileRef = 21D4ED5221864C76003A1B4C /* Square.swift */; };
		21D4ED7921864ECA003A1B4C /* Superman.swift in Sources */ = {isa = PBXBuildFile; fileRef = 21D4ED5321864C76003A1B4C /* Superman.swift */; };
		21D4ED7A21864ECA003A1B4C /* TimesTable.swift in Sources */ = {isa = PBXBuildFile; fileRef = 21D4ED5421864C76003A1B4C /* TimesTable.swift */; };
		21D4ED7B21864ECF003A1B4C /* ArrayTests.swift in Sources */ = {isa = PBXBuildFile; fileRef = 21D4ED3B21864C74003A1B4C /* ArrayTests.swift */; };
		21D4ED7C21864ECF003A1B4C /* DictionaryTests.swift in Sources */ = {isa = PBXBuildFile; fileRef = 21D4ED3C21864C74003A1B4C /* DictionaryTests.swift */; };
		21D4ED7D21864ECF003A1B4C /* SetTests.swift in Sources */ = {isa = PBXBuildFile; fileRef = 21D4ED3D21864C74003A1B4C /* SetTests.swift */; };
		21D4ED7E21864ED4003A1B4C /* Point.swift in Sources */ = {isa = PBXBuildFile; fileRef = 21D4ED2721864C74003A1B4C /* Point.swift */; };
/* End PBXBuildFile section */

/* Begin PBXContainerItemProxy section */
		21D4ECFF21864C22003A1B4C /* PBXContainerItemProxy */ = {
			isa = PBXContainerItemProxy;
			containerPortal = 21D4ECE221864C1F003A1B4C /* Project object */;
			proxyType = 1;
			remoteGlobalIDString = 21D4ECE921864C1F003A1B4C;
			remoteInfo = "SwiftFundamentals-iOS";
		};
		21D4ED0A21864C22003A1B4C /* PBXContainerItemProxy */ = {
			isa = PBXContainerItemProxy;
			containerPortal = 21D4ECE221864C1F003A1B4C /* Project object */;
			proxyType = 1;
			remoteGlobalIDString = 21D4ECE921864C1F003A1B4C;
			remoteInfo = "SwiftFundamentals-iOS";
		};
/* End PBXContainerItemProxy section */

/* Begin PBXFileReference section */
		213164AC21888395000DA45E /* NSString+DRAFormatting.m */ = {isa = PBXFileReference; lastKnownFileType = sourcecode.c.objc; path = "NSString+DRAFormatting.m"; sourceTree = "<group>"; };
		213164AE218883B4000DA45E /* NSString+DRAFormatting.h */ = {isa = PBXFileReference; lastKnownFileType = sourcecode.c.h; path = "NSString+DRAFormatting.h"; sourceTree = "<group>"; };
		2142BE35218880C90062BC16 /* Person.h */ = {isa = PBXFileReference; fileEncoding = 4; lastKnownFileType = sourcecode.c.h; path = Person.h; sourceTree = "<group>"; };
		2142BE36218880C90062BC16 /* Batman.h */ = {isa = PBXFileReference; fileEncoding = 4; lastKnownFileType = sourcecode.c.h; path = Batman.h; sourceTree = "<group>"; };
		2142BE37218880C90062BC16 /* Batman.m */ = {isa = PBXFileReference; fileEncoding = 4; lastKnownFileType = sourcecode.c.objc; path = Batman.m; sourceTree = "<group>"; };
		2142BE38218880C90062BC16 /* Person.m */ = {isa = PBXFileReference; fileEncoding = 4; lastKnownFileType = sourcecode.c.objc; path = Person.m; sourceTree = "<group>"; };
		2142BE3B218881080062BC16 /* ProtocolInheritanceExample.h */ = {isa = PBXFileReference; fileEncoding = 4; lastKnownFileType = sourcecode.c.h; path = ProtocolInheritanceExample.h; sourceTree = "<group>"; };
		2142BE3C218881090062BC16 /* ProtocolInheritanceExample.m */ = {isa = PBXFileReference; fileEncoding = 4; lastKnownFileType = sourcecode.c.objc; path = ProtocolInheritanceExample.m; sourceTree = "<group>"; };
		2142BE3E2188811C0062BC16 /* Runtime.m */ = {isa = PBXFileReference; fileEncoding = 4; lastKnownFileType = sourcecode.c.objc; path = Runtime.m; sourceTree = "<group>"; };
		2142BE3F2188811D0062BC16 /* Runtime.h */ = {isa = PBXFileReference; fileEncoding = 4; lastKnownFileType = sourcecode.c.h; path = Runtime.h; sourceTree = "<group>"; };
		2142BE412188812B0062BC16 /* GCDTest.m */ = {isa = PBXFileReference; fileEncoding = 4; lastKnownFileType = sourcecode.c.objc; path = GCDTest.m; sourceTree = "<group>"; };
		2142BE422188812B0062BC16 /* GCDTest.h */ = {isa = PBXFileReference; fileEncoding = 4; lastKnownFileType = sourcecode.c.h; path = GCDTest.h; sourceTree = "<group>"; };
		2162C84321887A7300C91F5B /* Calculator.framework */ = {isa = PBXFileReference; explicitFileType = wrapper.framework; path = Calculator.framework; sourceTree = BUILT_PRODUCTS_DIR; };
		2162C84721887C0400C91F5B /* SwiftFundamentals-iOSTests-BridgingHeader.h */ = {isa = PBXFileReference; lastKnownFileType = sourcecode.c.h; path = "SwiftFundamentals-iOSTests-BridgingHeader.h"; sourceTree = "<group>"; };
		21D4ECEA21864C1F003A1B4C /* SwiftFundamentals-iOS.app */ = {isa = PBXFileReference; explicitFileType = wrapper.application; includeInIndex = 0; path = "SwiftFundamentals-iOS.app"; sourceTree = BUILT_PRODUCTS_DIR; };
		21D4ECED21864C1F003A1B4C /* AppDelegate.swift */ = {isa = PBXFileReference; lastKnownFileType = sourcecode.swift; path = AppDelegate.swift; sourceTree = "<group>"; };
		21D4ECEF21864C1F003A1B4C /* ViewController.swift */ = {isa = PBXFileReference; lastKnownFileType = sourcecode.swift; path = ViewController.swift; sourceTree = "<group>"; };
		21D4ECF221864C1F003A1B4C /* Base */ = {isa = PBXFileReference; lastKnownFileType = file.storyboard; name = Base; path = Base.lproj/Main.storyboard; sourceTree = "<group>"; };
		21D4ECF421864C22003A1B4C /* Assets.xcassets */ = {isa = PBXFileReference; lastKnownFileType = folder.assetcatalog; path = Assets.xcassets; sourceTree = "<group>"; };
		21D4ECF721864C22003A1B4C /* Base */ = {isa = PBXFileReference; lastKnownFileType = file.storyboard; name = Base; path = Base.lproj/LaunchScreen.storyboard; sourceTree = "<group>"; };
		21D4ECF921864C22003A1B4C /* Info.plist */ = {isa = PBXFileReference; lastKnownFileType = text.plist.xml; path = Info.plist; sourceTree = "<group>"; };
		21D4ECFE21864C22003A1B4C /* SwiftFundamentals-iOSTests.xctest */ = {isa = PBXFileReference; explicitFileType = wrapper.cfbundle; includeInIndex = 0; path = "SwiftFundamentals-iOSTests.xctest"; sourceTree = BUILT_PRODUCTS_DIR; };
		21D4ED0421864C22003A1B4C /* Info.plist */ = {isa = PBXFileReference; lastKnownFileType = text.plist.xml; path = Info.plist; sourceTree = "<group>"; };
		21D4ED0921864C22003A1B4C /* SwiftFundamentals-iOSUITests.xctest */ = {isa = PBXFileReference; explicitFileType = wrapper.cfbundle; includeInIndex = 0; path = "SwiftFundamentals-iOSUITests.xctest"; sourceTree = BUILT_PRODUCTS_DIR; };
		21D4ED0D21864C22003A1B4C /* SwiftFundamentals_iOSUITests.swift */ = {isa = PBXFileReference; lastKnownFileType = sourcecode.swift; path = SwiftFundamentals_iOSUITests.swift; sourceTree = "<group>"; };
		21D4ED0F21864C22003A1B4C /* Info.plist */ = {isa = PBXFileReference; lastKnownFileType = text.plist.xml; path = Info.plist; sourceTree = "<group>"; };
		21D4ED2721864C74003A1B4C /* Point.swift */ = {isa = PBXFileReference; fileEncoding = 4; lastKnownFileType = sourcecode.swift; path = Point.swift; sourceTree = "<group>"; };
		21D4ED2921864C74003A1B4C /* FuncQueue.swift */ = {isa = PBXFileReference; fileEncoding = 4; lastKnownFileType = sourcecode.swift; path = FuncQueue.swift; sourceTree = "<group>"; };
		21D4ED2B21864C74003A1B4C /* AccessControlTests.swift */ = {isa = PBXFileReference; lastKnownFileType = sourcecode.swift; path = AccessControlTests.swift; sourceTree = "<group>"; };
		21D4ED2C21864C74003A1B4C /* CommentTests.swift */ = {isa = PBXFileReference; fileEncoding = 4; lastKnownFileType = sourcecode.swift; path = CommentTests.swift; sourceTree = "<group>"; };
		21D4ED2D21864C74003A1B4C /* ControlFlow.swift */ = {isa = PBXFileReference; fileEncoding = 4; lastKnownFileType = sourcecode.swift; path = ControlFlow.swift; sourceTree = "<group>"; };
		21D4ED2E21864C74003A1B4C /* ErrorHandlingTests.swift */ = {isa = PBXFileReference; fileEncoding = 4; lastKnownFileType = sourcecode.swift; path = ErrorHandlingTests.swift; sourceTree = "<group>"; };
		21D4ED2F21864C74003A1B4C /* EnumTests.swift */ = {isa = PBXFileReference; fileEncoding = 4; lastKnownFileType = sourcecode.swift; path = EnumTests.swift; sourceTree = "<group>"; };
		21D4ED3021864C74003A1B4C /* ExtensionsTests.swift */ = {isa = PBXFileReference; lastKnownFileType = sourcecode.swift; path = ExtensionsTests.swift; sourceTree = "<group>"; };
		21D4ED3121864C74003A1B4C /* FunctionsTests.swift */ = {isa = PBXFileReference; fileEncoding = 4; lastKnownFileType = sourcecode.swift; path = FunctionsTests.swift; sourceTree = "<group>"; };
		21D4ED3221864C74003A1B4C /* MemoryManagementTests.swift */ = {isa = PBXFileReference; fileEncoding = 4; lastKnownFileType = sourcecode.swift; path = MemoryManagementTests.swift; sourceTree = "<group>"; };
		21D4ED3321864C74003A1B4C /* NestedTypesTest.swift */ = {isa = PBXFileReference; lastKnownFileType = sourcecode.swift; path = NestedTypesTest.swift; sourceTree = "<group>"; };
		21D4ED3421864C74003A1B4C /* OptionalsTests.swift */ = {isa = PBXFileReference; fileEncoding = 4; lastKnownFileType = sourcecode.swift; path = OptionalsTests.swift; sourceTree = "<group>"; };
		21D4ED3521864C74003A1B4C /* PrimitiveTypeTests.swift */ = {isa = PBXFileReference; fileEncoding = 4; lastKnownFileType = sourcecode.swift; path = PrimitiveTypeTests.swift; sourceTree = "<group>"; };
		21D4ED3621864C74003A1B4C /* ProtocolTests.swift */ = {isa = PBXFileReference; lastKnownFileType = sourcecode.swift; path = ProtocolTests.swift; sourceTree = "<group>"; };
		21D4ED3721864C74003A1B4C /* StringTests.swift */ = {isa = PBXFileReference; fileEncoding = 4; lastKnownFileType = sourcecode.swift; path = StringTests.swift; sourceTree = "<group>"; };
		21D4ED3821864C74003A1B4C /* StructuresTests.swift */ = {isa = PBXFileReference; fileEncoding = 4; lastKnownFileType = sourcecode.swift; path = StructuresTests.swift; sourceTree = "<group>"; };
		21D4ED3921864C74003A1B4C /* TypeCastingTests.swift */ = {isa = PBXFileReference; lastKnownFileType = sourcecode.swift; path = TypeCastingTests.swift; sourceTree = "<group>"; };
		21D4ED3B21864C74003A1B4C /* ArrayTests.swift */ = {isa = PBXFileReference; lastKnownFileType = sourcecode.swift; path = ArrayTests.swift; sourceTree = "<group>"; };
		21D4ED3C21864C74003A1B4C /* DictionaryTests.swift */ = {isa = PBXFileReference; fileEncoding = 4; lastKnownFileType = sourcecode.swift; path = DictionaryTests.swift; sourceTree = "<group>"; };
		21D4ED3D21864C74003A1B4C /* SetTests.swift */ = {isa = PBXFileReference; lastKnownFileType = sourcecode.swift; path = SetTests.swift; sourceTree = "<group>"; };
		21D4ED3F21864C75003A1B4C /* SR7874.swift */ = {isa = PBXFileReference; lastKnownFileType = sourcecode.swift; path = SR7874.swift; sourceTree = "<group>"; };
		21D4ED4021864C75003A1B4C /* SR7261.swift */ = {isa = PBXFileReference; lastKnownFileType = sourcecode.swift; path = SR7261.swift; sourceTree = "<group>"; };
		21D4ED4221864C75003A1B4C /* FrameworkTests.swift */ = {isa = PBXFileReference; lastKnownFileType = sourcecode.swift; path = FrameworkTests.swift; sourceTree = "<group>"; };
		21D4ED4421864C75003A1B4C /* ObjectiveCInteropTests.swift */ = {isa = PBXFileReference; fileEncoding = 4; lastKnownFileType = sourcecode.swift; path = ObjectiveCInteropTests.swift; sourceTree = "<group>"; };
		21D4ED4521864C75003A1B4C /* ObjcClass.h */ = {isa = PBXFileReference; fileEncoding = 4; lastKnownFileType = sourcecode.c.h; path = ObjcClass.h; sourceTree = "<group>"; };
		21D4ED4621864C75003A1B4C /* ObjcClass.m */ = {isa = PBXFileReference; fileEncoding = 4; lastKnownFileType = sourcecode.c.objc; path = ObjcClass.m; sourceTree = "<group>"; };
		21D4ED4821864C76003A1B4C /* GenericsTests.swift */ = {isa = PBXFileReference; fileEncoding = 4; lastKnownFileType = sourcecode.swift; path = GenericsTests.swift; sourceTree = "<group>"; };
		21D4ED4921864C76003A1B4C /* AssociatedTypesTests.swift */ = {isa = PBXFileReference; lastKnownFileType = sourcecode.swift; path = AssociatedTypesTests.swift; sourceTree = "<group>"; };
		21D4ED4A21864C76003A1B4C /* Container.swift */ = {isa = PBXFileReference; lastKnownFileType = sourcecode.swift; path = Container.swift; sourceTree = "<group>"; };
		21D4ED4B21864C76003A1B4C /* Stack.swift */ = {isa = PBXFileReference; lastKnownFileType = sourcecode.swift; path = Stack.swift; sourceTree = "<group>"; };
		21D4ED4D21864C76003A1B4C /* ClassesTests.swift */ = {isa = PBXFileReference; fileEncoding = 4; lastKnownFileType = sourcecode.swift; path = ClassesTests.swift; sourceTree = "<group>"; };
		21D4ED4E21864C76003A1B4C /* OperatorOverloadTests.swift */ = {isa = PBXFileReference; lastKnownFileType = sourcecode.swift; path = OperatorOverloadTests.swift; sourceTree = "<group>"; };
		21D4ED4F21864C76003A1B4C /* Person.swift */ = {isa = PBXFileReference; fileEncoding = 4; lastKnownFileType = sourcecode.swift; path = Person.swift; sourceTree = "<group>"; };
		21D4ED5021864C76003A1B4C /* Printable.swift */ = {isa = PBXFileReference; fileEncoding = 4; lastKnownFileType = sourcecode.swift; path = Printable.swift; sourceTree = "<group>"; };
		21D4ED5121864C76003A1B4C /* Rectangle.swift */ = {isa = PBXFileReference; fileEncoding = 4; lastKnownFileType = sourcecode.swift; path = Rectangle.swift; sourceTree = "<group>"; };
		21D4ED5221864C76003A1B4C /* Square.swift */ = {isa = PBXFileReference; fileEncoding = 4; lastKnownFileType = sourcecode.swift; path = Square.swift; sourceTree = "<group>"; };
		21D4ED5321864C76003A1B4C /* Superman.swift */ = {isa = PBXFileReference; fileEncoding = 4; lastKnownFileType = sourcecode.swift; path = Superman.swift; sourceTree = "<group>"; };
		21D4ED5421864C76003A1B4C /* TimesTable.swift */ = {isa = PBXFileReference; fileEncoding = 4; lastKnownFileType = sourcecode.swift; path = TimesTable.swift; sourceTree = "<group>"; };
		21D4ED5621864C94003A1B4C /* Globals.swift */ = {isa = PBXFileReference; fileEncoding = 4; lastKnownFileType = sourcecode.swift; path = Globals.swift; sourceTree = "<group>"; };
		21D4ED5821864C98003A1B4C /* Environment.swift */ = {isa = PBXFileReference; lastKnownFileType = sourcecode.swift; path = Environment.swift; sourceTree = "<group>"; };
/* End PBXFileReference section */

/* Begin PBXFrameworksBuildPhase section */
		21D4ECE721864C1F003A1B4C /* Frameworks */ = {
			isa = PBXFrameworksBuildPhase;
			buildActionMask = 2147483647;
			files = (
			);
			runOnlyForDeploymentPostprocessing = 0;
		};
		21D4ECFB21864C22003A1B4C /* Frameworks */ = {
			isa = PBXFrameworksBuildPhase;
			buildActionMask = 2147483647;
			files = (
				2162C84421887A7300C91F5B /* Calculator.framework in Frameworks */,
			);
			runOnlyForDeploymentPostprocessing = 0;
		};
		21D4ED0621864C22003A1B4C /* Frameworks */ = {
			isa = PBXFrameworksBuildPhase;
			buildActionMask = 2147483647;
			files = (
			);
			runOnlyForDeploymentPostprocessing = 0;
		};
/* End PBXFrameworksBuildPhase section */

/* Begin PBXGroup section */
		213164AB21888371000DA45E /* Categories */ = {
			isa = PBXGroup;
			children = (
				213164AE218883B4000DA45E /* NSString+DRAFormatting.h */,
				213164AC21888395000DA45E /* NSString+DRAFormatting.m */,
			);
			path = Categories;
			sourceTree = "<group>";
		};
		2162C84221887A7300C91F5B /* Frameworks */ = {
			isa = PBXGroup;
			children = (
				2162C84321887A7300C91F5B /* Calculator.framework */,
			);
			name = Frameworks;
			sourceTree = "<group>";
		};
		21D4ECE121864C1F003A1B4C = {
			isa = PBXGroup;
			children = (
				21D4ECEC21864C1F003A1B4C /* SwiftFundamentals-iOS */,
				21D4ED0121864C22003A1B4C /* SwiftFundamentals-iOSTests */,
				21D4ED0C21864C22003A1B4C /* SwiftFundamentals-iOSUITests */,
				21D4ECEB21864C1F003A1B4C /* Products */,
				2162C84221887A7300C91F5B /* Frameworks */,
			);
			sourceTree = "<group>";
		};
		21D4ECEB21864C1F003A1B4C /* Products */ = {
			isa = PBXGroup;
			children = (
				21D4ECEA21864C1F003A1B4C /* SwiftFundamentals-iOS.app */,
				21D4ECFE21864C22003A1B4C /* SwiftFundamentals-iOSTests.xctest */,
				21D4ED0921864C22003A1B4C /* SwiftFundamentals-iOSUITests.xctest */,
			);
			name = Products;
			sourceTree = "<group>";
		};
		21D4ECEC21864C1F003A1B4C /* SwiftFundamentals-iOS */ = {
			isa = PBXGroup;
			children = (
				21D4ECED21864C1F003A1B4C /* AppDelegate.swift */,
				21D4ECEF21864C1F003A1B4C /* ViewController.swift */,
				21D4ECF121864C1F003A1B4C /* Main.storyboard */,
				21D4ECF421864C22003A1B4C /* Assets.xcassets */,
				21D4ECF621864C22003A1B4C /* LaunchScreen.storyboard */,
				21D4ECF921864C22003A1B4C /* Info.plist */,
			);
			path = "SwiftFundamentals-iOS";
			sourceTree = "<group>";
		};
		21D4ED0121864C22003A1B4C /* SwiftFundamentals-iOSTests */ = {
			isa = PBXGroup;
			children = (
				21D4ED4321864C75003A1B4C /* Framework */,
				21D4ED4121864C75003A1B4C /* CompilerBugs */,
				21D4ED2A21864C74003A1B4C /* Concurrency */,
				21D4ED3A21864C74003A1B4C /* Language */,
				21D4ED4721864C75003A1B4C /* Objective-C */,
				21D4ED5521864C76003A1B4C /* Objects */,
				21D4ED3E21864C74003A1B4C /* StandardLibrary */,
				21D4ED2821864C74003A1B4C /* Structures */,
				21D4ED5621864C94003A1B4C /* Globals.swift */,
				21D4ED5821864C98003A1B4C /* Environment.swift */,
				21D4ED0421864C22003A1B4C /* Info.plist */,
				2162C84721887C0400C91F5B /* SwiftFundamentals-iOSTests-BridgingHeader.h */,
			);
			path = "SwiftFundamentals-iOSTests";
			sourceTree = "<group>";
		};
		21D4ED0C21864C22003A1B4C /* SwiftFundamentals-iOSUITests */ = {
			isa = PBXGroup;
			children = (
				21D4ED0D21864C22003A1B4C /* SwiftFundamentals_iOSUITests.swift */,
				21D4ED0F21864C22003A1B4C /* Info.plist */,
			);
			path = "SwiftFundamentals-iOSUITests";
			sourceTree = "<group>";
		};
		21D4ED2821864C74003A1B4C /* Structures */ = {
			isa = PBXGroup;
			children = (
				21D4ED2721864C74003A1B4C /* Point.swift */,
			);
			path = Structures;
			sourceTree = "<group>";
		};
		21D4ED2A21864C74003A1B4C /* Concurrency */ = {
			isa = PBXGroup;
			children = (
				21D4ED2921864C74003A1B4C /* FuncQueue.swift */,
			);
			path = Concurrency;
			sourceTree = "<group>";
		};
		21D4ED3A21864C74003A1B4C /* Language */ = {
			isa = PBXGroup;
			children = (
				21D4ED2B21864C74003A1B4C /* AccessControlTests.swift */,
				21D4ED2C21864C74003A1B4C /* CommentTests.swift */,
				21D4ED2D21864C74003A1B4C /* ControlFlow.swift */,
				21D4ED2E21864C74003A1B4C /* ErrorHandlingTests.swift */,
				21D4ED2F21864C74003A1B4C /* EnumTests.swift */,
				21D4ED3021864C74003A1B4C /* ExtensionsTests.swift */,
				21D4ED3121864C74003A1B4C /* FunctionsTests.swift */,
				21D4ED3221864C74003A1B4C /* MemoryManagementTests.swift */,
				21D4ED3321864C74003A1B4C /* NestedTypesTest.swift */,
				21D4ED3421864C74003A1B4C /* OptionalsTests.swift */,
				21D4ED3521864C74003A1B4C /* PrimitiveTypeTests.swift */,
				21D4ED3621864C74003A1B4C /* ProtocolTests.swift */,
				21D4ED3721864C74003A1B4C /* StringTests.swift */,
				21D4ED3821864C74003A1B4C /* StructuresTests.swift */,
				21D4ED3921864C74003A1B4C /* TypeCastingTests.swift */,
			);
			path = Language;
			sourceTree = "<group>";
		};
		21D4ED3E21864C74003A1B4C /* StandardLibrary */ = {
			isa = PBXGroup;
			children = (
				21D4ED3B21864C74003A1B4C /* ArrayTests.swift */,
				21D4ED3C21864C74003A1B4C /* DictionaryTests.swift */,
				21D4ED3D21864C74003A1B4C /* SetTests.swift */,
			);
			path = StandardLibrary;
			sourceTree = "<group>";
		};
		21D4ED4121864C75003A1B4C /* CompilerBugs */ = {
			isa = PBXGroup;
			children = (
				21D4ED3F21864C75003A1B4C /* SR7874.swift */,
				21D4ED4021864C75003A1B4C /* SR7261.swift */,
			);
			path = CompilerBugs;
			sourceTree = "<group>";
		};
		21D4ED4321864C75003A1B4C /* Framework */ = {
			isa = PBXGroup;
			children = (
				21D4ED4221864C75003A1B4C /* FrameworkTests.swift */,
			);
			path = Framework;
			sourceTree = "<group>";
		};
		21D4ED4721864C75003A1B4C /* Objective-C */ = {
			isa = PBXGroup;
			children = (
				213164AB21888371000DA45E /* Categories */,
				2142BE36218880C90062BC16 /* Batman.h */,
				2142BE37218880C90062BC16 /* Batman.m */,
				2142BE422188812B0062BC16 /* GCDTest.h */,
				2142BE412188812B0062BC16 /* GCDTest.m */,
				2142BE35218880C90062BC16 /* Person.h */,
				2142BE38218880C90062BC16 /* Person.m */,
				21D4ED4521864C75003A1B4C /* ObjcClass.h */,
				21D4ED4621864C75003A1B4C /* ObjcClass.m */,
				21D4ED4421864C75003A1B4C /* ObjectiveCInteropTests.swift */,
				2142BE3B218881080062BC16 /* ProtocolInheritanceExample.h */,
				2142BE3C218881090062BC16 /* ProtocolInheritanceExample.m */,
				2142BE3F2188811D0062BC16 /* Runtime.h */,
				2142BE3E2188811C0062BC16 /* Runtime.m */,
			);
			path = "Objective-C";
			sourceTree = "<group>";
		};
		21D4ED4C21864C76003A1B4C /* Generics */ = {
			isa = PBXGroup;
			children = (
				21D4ED4821864C76003A1B4C /* GenericsTests.swift */,
				21D4ED4921864C76003A1B4C /* AssociatedTypesTests.swift */,
				21D4ED4A21864C76003A1B4C /* Container.swift */,
				21D4ED4B21864C76003A1B4C /* Stack.swift */,
			);
			path = Generics;
			sourceTree = "<group>";
		};
		21D4ED5521864C76003A1B4C /* Objects */ = {
			isa = PBXGroup;
			children = (
				21D4ED4C21864C76003A1B4C /* Generics */,
				21D4ED4D21864C76003A1B4C /* ClassesTests.swift */,
				21D4ED4E21864C76003A1B4C /* OperatorOverloadTests.swift */,
				21D4ED4F21864C76003A1B4C /* Person.swift */,
				21D4ED5021864C76003A1B4C /* Printable.swift */,
				21D4ED5121864C76003A1B4C /* Rectangle.swift */,
				21D4ED5221864C76003A1B4C /* Square.swift */,
				21D4ED5321864C76003A1B4C /* Superman.swift */,
				21D4ED5421864C76003A1B4C /* TimesTable.swift */,
			);
			path = Objects;
			sourceTree = "<group>";
		};
/* End PBXGroup section */

/* Begin PBXNativeTarget section */
		21D4ECE921864C1F003A1B4C /* SwiftFundamentals-iOS */ = {
			isa = PBXNativeTarget;
			buildConfigurationList = 21D4ED1221864C22003A1B4C /* Build configuration list for PBXNativeTarget "SwiftFundamentals-iOS" */;
			buildPhases = (
				21D4ECE621864C1F003A1B4C /* Sources */,
				21D4ECE721864C1F003A1B4C /* Frameworks */,
				21D4ECE821864C1F003A1B4C /* Resources */,
			);
			buildRules = (
			);
			dependencies = (
			);
			name = "SwiftFundamentals-iOS";
			productName = "SwiftFundamentals-iOS";
			productReference = 21D4ECEA21864C1F003A1B4C /* SwiftFundamentals-iOS.app */;
			productType = "com.apple.product-type.application";
		};
		21D4ECFD21864C22003A1B4C /* SwiftFundamentals-iOSTests */ = {
			isa = PBXNativeTarget;
			buildConfigurationList = 21D4ED1521864C22003A1B4C /* Build configuration list for PBXNativeTarget "SwiftFundamentals-iOSTests" */;
			buildPhases = (
				21D4ECFA21864C22003A1B4C /* Sources */,
				21D4ECFB21864C22003A1B4C /* Frameworks */,
				21D4ECFC21864C22003A1B4C /* Resources */,
			);
			buildRules = (
			);
			dependencies = (
				21D4ED0021864C22003A1B4C /* PBXTargetDependency */,
			);
			name = "SwiftFundamentals-iOSTests";
			productName = "SwiftFundamentals-iOSTests";
			productReference = 21D4ECFE21864C22003A1B4C /* SwiftFundamentals-iOSTests.xctest */;
			productType = "com.apple.product-type.bundle.unit-test";
		};
		21D4ED0821864C22003A1B4C /* SwiftFundamentals-iOSUITests */ = {
			isa = PBXNativeTarget;
			buildConfigurationList = 21D4ED1821864C22003A1B4C /* Build configuration list for PBXNativeTarget "SwiftFundamentals-iOSUITests" */;
			buildPhases = (
				21D4ED0521864C22003A1B4C /* Sources */,
				21D4ED0621864C22003A1B4C /* Frameworks */,
				21D4ED0721864C22003A1B4C /* Resources */,
			);
			buildRules = (
			);
			dependencies = (
				21D4ED0B21864C22003A1B4C /* PBXTargetDependency */,
			);
			name = "SwiftFundamentals-iOSUITests";
			productName = "SwiftFundamentals-iOSUITests";
			productReference = 21D4ED0921864C22003A1B4C /* SwiftFundamentals-iOSUITests.xctest */;
			productType = "com.apple.product-type.bundle.ui-testing";
		};
/* End PBXNativeTarget section */

/* Begin PBXProject section */
		21D4ECE221864C1F003A1B4C /* Project object */ = {
			isa = PBXProject;
			attributes = {
				LastSwiftUpdateCheck = 1000;
				LastUpgradeCheck = 1000;
				ORGANIZATIONNAME = "Damon Allison";
				TargetAttributes = {
					21D4ECE921864C1F003A1B4C = {
						CreatedOnToolsVersion = 10.0;
						LastSwiftMigration = 1000;
					};
					21D4ECFD21864C22003A1B4C = {
						CreatedOnToolsVersion = 10.0;
						TestTargetID = 21D4ECE921864C1F003A1B4C;
					};
					21D4ED0821864C22003A1B4C = {
						CreatedOnToolsVersion = 10.0;
						TestTargetID = 21D4ECE921864C1F003A1B4C;
					};
				};
			};
			buildConfigurationList = 21D4ECE521864C1F003A1B4C /* Build configuration list for PBXProject "SwiftFundamentals-iOS" */;
			compatibilityVersion = "Xcode 9.3";
			developmentRegion = en;
			hasScannedForEncodings = 0;
			knownRegions = (
				en,
				Base,
			);
			mainGroup = 21D4ECE121864C1F003A1B4C;
			productRefGroup = 21D4ECEB21864C1F003A1B4C /* Products */;
			projectDirPath = "";
			projectRoot = "";
			targets = (
				21D4ECE921864C1F003A1B4C /* SwiftFundamentals-iOS */,
				21D4ECFD21864C22003A1B4C /* SwiftFundamentals-iOSTests */,
				21D4ED0821864C22003A1B4C /* SwiftFundamentals-iOSUITests */,
			);
		};
/* End PBXProject section */

/* Begin PBXResourcesBuildPhase section */
		21D4ECE821864C1F003A1B4C /* Resources */ = {
			isa = PBXResourcesBuildPhase;
			buildActionMask = 2147483647;
			files = (
				21D4ECF821864C22003A1B4C /* LaunchScreen.storyboard in Resources */,
				21D4ECF521864C22003A1B4C /* Assets.xcassets in Resources */,
				21D4ECF321864C1F003A1B4C /* Main.storyboard in Resources */,
			);
			runOnlyForDeploymentPostprocessing = 0;
		};
		21D4ECFC21864C22003A1B4C /* Resources */ = {
			isa = PBXResourcesBuildPhase;
			buildActionMask = 2147483647;
			files = (
			);
			runOnlyForDeploymentPostprocessing = 0;
		};
		21D4ED0721864C22003A1B4C /* Resources */ = {
			isa = PBXResourcesBuildPhase;
			buildActionMask = 2147483647;
			files = (
			);
			runOnlyForDeploymentPostprocessing = 0;
		};
/* End PBXResourcesBuildPhase section */

/* Begin PBXSourcesBuildPhase section */
		21D4ECE621864C1F003A1B4C /* Sources */ = {
			isa = PBXSourcesBuildPhase;
			buildActionMask = 2147483647;
			files = (
				21D4ECF021864C1F003A1B4C /* ViewController.swift in Sources */,
				21D4ECEE21864C1F003A1B4C /* AppDelegate.swift in Sources */,
			);
			runOnlyForDeploymentPostprocessing = 0;
		};
		21D4ECFA21864C22003A1B4C /* Sources */ = {
			isa = PBXSourcesBuildPhase;
			buildActionMask = 2147483647;
			files = (
				2142BE3A218880C90062BC16 /* Person.m in Sources */,
				21D4ED7821864ECA003A1B4C /* Square.swift in Sources */,
				21D4ED7321864ECA003A1B4C /* ClassesTests.swift in Sources */,
				21D4ED5F21864E6E003A1B4C /* AccessControlTests.swift in Sources */,
				2162C84521887B7C00C91F5B /* ObjectiveCInteropTests.swift in Sources */,
				21D4ED6021864E6E003A1B4C /* CommentTests.swift in Sources */,
				21D4ED6121864E6E003A1B4C /* ControlFlow.swift in Sources */,
				21D4ED6F21864ECA003A1B4C /* GenericsTests.swift in Sources */,
				21D4ED7221864ECA003A1B4C /* Stack.swift in Sources */,
				21D4ED6221864E6E003A1B4C /* ErrorHandlingTests.swift in Sources */,
				2142BE402188811D0062BC16 /* Runtime.m in Sources */,
				21D4ED7621864ECA003A1B4C /* Printable.swift in Sources */,
				2162C84621887B8500C91F5B /* ObjcClass.m in Sources */,
				213164AD21888395000DA45E /* NSString+DRAFormatting.m in Sources */,
				21D4ED6321864E6E003A1B4C /* EnumTests.swift in Sources */,
				2142BE432188812C0062BC16 /* GCDTest.m in Sources */,
				21D4ED6421864E6E003A1B4C /* ExtensionsTests.swift in Sources */,
				21D4ED6521864E6E003A1B4C /* FunctionsTests.swift in Sources */,
				21D4ED6621864E6E003A1B4C /* MemoryManagementTests.swift in Sources */,
				21D4ED6721864E6E003A1B4C /* NestedTypesTest.swift in Sources */,
				21D4ED6821864E6E003A1B4C /* OptionalsTests.swift in Sources */,
				21D4ED6921864E6E003A1B4C /* PrimitiveTypeTests.swift in Sources */,
				21D4ED6A21864E6E003A1B4C /* ProtocolTests.swift in Sources */,
				21D4ED7521864ECA003A1B4C /* Person.swift in Sources */,
				21D4ED6B21864E6E003A1B4C /* StringTests.swift in Sources */,
				21D4ED6C21864E6E003A1B4C /* StructuresTests.swift in Sources */,
				21D4ED7421864ECA003A1B4C /* OperatorOverloadTests.swift in Sources */,
				2162C84121887A4600C91F5B /* FrameworkTests.swift in Sources */,
				21D4ED7D21864ECF003A1B4C /* SetTests.swift in Sources */,
				21D4ED7A21864ECA003A1B4C /* TimesTable.swift in Sources */,
				21D4ED6D21864E6E003A1B4C /* TypeCastingTests.swift in Sources */,
				21D4ED7C21864ECF003A1B4C /* DictionaryTests.swift in Sources */,
				21D4ED7921864ECA003A1B4C /* Superman.swift in Sources */,
				21D4ED5C21864D6C003A1B4C /* SR7874.swift in Sources */,
				21D4ED7021864ECA003A1B4C /* AssociatedTypesTests.swift in Sources */,
				21D4ED5D21864D6C003A1B4C /* SR7261.swift in Sources */,
				21D4ED7B21864ECF003A1B4C /* ArrayTests.swift in Sources */,
				21D4ED7121864ECA003A1B4C /* Container.swift in Sources */,
				21D4ED5E21864E65003A1B4C /* FuncQueue.swift in Sources */,
				21D4ED7E21864ED4003A1B4C /* Point.swift in Sources */,
				21D4ED7721864ECA003A1B4C /* Rectangle.swift in Sources */,
				21D4ED5721864C94003A1B4C /* Globals.swift in Sources */,
				2142BE3D218881090062BC16 /* ProtocolInheritanceExample.m in Sources */,
				2142BE39218880C90062BC16 /* Batman.m in Sources */,
				21D4ED5921864C98003A1B4C /* Environment.swift in Sources */,
			);
			runOnlyForDeploymentPostprocessing = 0;
		};
		21D4ED0521864C22003A1B4C /* Sources */ = {
			isa = PBXSourcesBuildPhase;
			buildActionMask = 2147483647;
			files = (
				21D4ED0E21864C22003A1B4C /* SwiftFundamentals_iOSUITests.swift in Sources */,
			);
			runOnlyForDeploymentPostprocessing = 0;
		};
/* End PBXSourcesBuildPhase section */

/* Begin PBXTargetDependency section */
		21D4ED0021864C22003A1B4C /* PBXTargetDependency */ = {
			isa = PBXTargetDependency;
			target = 21D4ECE921864C1F003A1B4C /* SwiftFundamentals-iOS */;
			targetProxy = 21D4ECFF21864C22003A1B4C /* PBXContainerItemProxy */;
		};
		21D4ED0B21864C22003A1B4C /* PBXTargetDependency */ = {
			isa = PBXTargetDependency;
			target = 21D4ECE921864C1F003A1B4C /* SwiftFundamentals-iOS */;
			targetProxy = 21D4ED0A21864C22003A1B4C /* PBXContainerItemProxy */;
		};
/* End PBXTargetDependency section */

/* Begin PBXVariantGroup section */
		21D4ECF121864C1F003A1B4C /* Main.storyboard */ = {
			isa = PBXVariantGroup;
			children = (
				21D4ECF221864C1F003A1B4C /* Base */,
			);
			name = Main.storyboard;
			sourceTree = "<group>";
		};
		21D4ECF621864C22003A1B4C /* LaunchScreen.storyboard */ = {
			isa = PBXVariantGroup;
			children = (
				21D4ECF721864C22003A1B4C /* Base */,
			);
			name = LaunchScreen.storyboard;
			sourceTree = "<group>";
		};
/* End PBXVariantGroup section */

/* Begin XCBuildConfiguration section */
		21D4ED1021864C22003A1B4C /* Debug */ = {
			isa = XCBuildConfiguration;
			buildSettings = {
				ALWAYS_SEARCH_USER_PATHS = NO;
				CLANG_ANALYZER_NONNULL = YES;
				CLANG_ANALYZER_NUMBER_OBJECT_CONVERSION = YES_AGGRESSIVE;
				CLANG_CXX_LANGUAGE_STANDARD = "gnu++14";
				CLANG_CXX_LIBRARY = "libc++";
				CLANG_ENABLE_MODULES = YES;
				CLANG_ENABLE_OBJC_ARC = YES;
				CLANG_ENABLE_OBJC_WEAK = YES;
				CLANG_WARN_BLOCK_CAPTURE_AUTORELEASING = YES;
				CLANG_WARN_BOOL_CONVERSION = YES;
				CLANG_WARN_COMMA = YES;
				CLANG_WARN_CONSTANT_CONVERSION = YES;
				CLANG_WARN_DEPRECATED_OBJC_IMPLEMENTATIONS = YES;
				CLANG_WARN_DIRECT_OBJC_ISA_USAGE = YES_ERROR;
				CLANG_WARN_DOCUMENTATION_COMMENTS = YES;
				CLANG_WARN_EMPTY_BODY = YES;
				CLANG_WARN_ENUM_CONVERSION = YES;
				CLANG_WARN_INFINITE_RECURSION = YES;
				CLANG_WARN_INT_CONVERSION = YES;
				CLANG_WARN_NON_LITERAL_NULL_CONVERSION = YES;
				CLANG_WARN_OBJC_IMPLICIT_RETAIN_SELF = YES;
				CLANG_WARN_OBJC_LITERAL_CONVERSION = YES;
				CLANG_WARN_OBJC_ROOT_CLASS = YES_ERROR;
				CLANG_WARN_RANGE_LOOP_ANALYSIS = YES;
				CLANG_WARN_STRICT_PROTOTYPES = YES;
				CLANG_WARN_SUSPICIOUS_MOVE = YES;
				CLANG_WARN_UNGUARDED_AVAILABILITY = YES_AGGRESSIVE;
				CLANG_WARN_UNREACHABLE_CODE = YES;
				CLANG_WARN__DUPLICATE_METHOD_MATCH = YES;
				CODE_SIGN_IDENTITY = "iPhone Developer";
				COPY_PHASE_STRIP = NO;
				DEBUG_INFORMATION_FORMAT = dwarf;
				ENABLE_STRICT_OBJC_MSGSEND = YES;
				ENABLE_TESTABILITY = YES;
				GCC_C_LANGUAGE_STANDARD = gnu11;
				GCC_DYNAMIC_NO_PIC = NO;
				GCC_NO_COMMON_BLOCKS = YES;
				GCC_OPTIMIZATION_LEVEL = 0;
				GCC_PREPROCESSOR_DEFINITIONS = (
					"DEBUG=1",
					"$(inherited)",
				);
				GCC_WARN_64_TO_32_BIT_CONVERSION = YES;
				GCC_WARN_ABOUT_RETURN_TYPE = YES_ERROR;
				GCC_WARN_UNDECLARED_SELECTOR = YES;
				GCC_WARN_UNINITIALIZED_AUTOS = YES_AGGRESSIVE;
				GCC_WARN_UNUSED_FUNCTION = YES;
				GCC_WARN_UNUSED_VARIABLE = YES;
				MTL_ENABLE_DEBUG_INFO = INCLUDE_SOURCE;
				MTL_FAST_MATH = YES;
				ONLY_ACTIVE_ARCH = YES;
				SDKROOT = iphoneos;
				SWIFT_ACTIVE_COMPILATION_CONDITIONS = DEBUG;
				SWIFT_OPTIMIZATION_LEVEL = "-Onone";
			};
			name = Debug;
		};
		21D4ED1121864C22003A1B4C /* Release */ = {
			isa = XCBuildConfiguration;
			buildSettings = {
				ALWAYS_SEARCH_USER_PATHS = NO;
				CLANG_ANALYZER_NONNULL = YES;
				CLANG_ANALYZER_NUMBER_OBJECT_CONVERSION = YES_AGGRESSIVE;
				CLANG_CXX_LANGUAGE_STANDARD = "gnu++14";
				CLANG_CXX_LIBRARY = "libc++";
				CLANG_ENABLE_MODULES = YES;
				CLANG_ENABLE_OBJC_ARC = YES;
				CLANG_ENABLE_OBJC_WEAK = YES;
				CLANG_WARN_BLOCK_CAPTURE_AUTORELEASING = YES;
				CLANG_WARN_BOOL_CONVERSION = YES;
				CLANG_WARN_COMMA = YES;
				CLANG_WARN_CONSTANT_CONVERSION = YES;
				CLANG_WARN_DEPRECATED_OBJC_IMPLEMENTATIONS = YES;
				CLANG_WARN_DIRECT_OBJC_ISA_USAGE = YES_ERROR;
				CLANG_WARN_DOCUMENTATION_COMMENTS = YES;
				CLANG_WARN_EMPTY_BODY = YES;
				CLANG_WARN_ENUM_CONVERSION = YES;
				CLANG_WARN_INFINITE_RECURSION = YES;
				CLANG_WARN_INT_CONVERSION = YES;
				CLANG_WARN_NON_LITERAL_NULL_CONVERSION = YES;
				CLANG_WARN_OBJC_IMPLICIT_RETAIN_SELF = YES;
				CLANG_WARN_OBJC_LITERAL_CONVERSION = YES;
				CLANG_WARN_OBJC_ROOT_CLASS = YES_ERROR;
				CLANG_WARN_RANGE_LOOP_ANALYSIS = YES;
				CLANG_WARN_STRICT_PROTOTYPES = YES;
				CLANG_WARN_SUSPICIOUS_MOVE = YES;
				CLANG_WARN_UNGUARDED_AVAILABILITY = YES_AGGRESSIVE;
				CLANG_WARN_UNREACHABLE_CODE = YES;
				CLANG_WARN__DUPLICATE_METHOD_MATCH = YES;
				CODE_SIGN_IDENTITY = "iPhone Developer";
				COPY_PHASE_STRIP = NO;
				DEBUG_INFORMATION_FORMAT = "dwarf-with-dsym";
				ENABLE_NS_ASSERTIONS = NO;
				ENABLE_STRICT_OBJC_MSGSEND = YES;
				GCC_C_LANGUAGE_STANDARD = gnu11;
				GCC_NO_COMMON_BLOCKS = YES;
				GCC_WARN_64_TO_32_BIT_CONVERSION = YES;
				GCC_WARN_ABOUT_RETURN_TYPE = YES_ERROR;
				GCC_WARN_UNDECLARED_SELECTOR = YES;
				GCC_WARN_UNINITIALIZED_AUTOS = YES_AGGRESSIVE;
				GCC_WARN_UNUSED_FUNCTION = YES;
				GCC_WARN_UNUSED_VARIABLE = YES;
				MTL_ENABLE_DEBUG_INFO = NO;
				MTL_FAST_MATH = YES;
				SDKROOT = iphoneos;
				SWIFT_COMPILATION_MODE = wholemodule;
				SWIFT_OPTIMIZATION_LEVEL = "-O";
				VALIDATE_PRODUCT = YES;
			};
			name = Release;
		};
		21D4ED1321864C22003A1B4C /* Debug */ = {
			isa = XCBuildConfiguration;
			buildSettings = {
				ASSETCATALOG_COMPILER_APPICON_NAME = AppIcon;
				CLANG_ENABLE_MODULES = YES;
				CODE_SIGN_STYLE = Automatic;
				DEVELOPMENT_TEAM = Q756N68G3Y;
				INFOPLIST_FILE = "SwiftFundamentals-iOS/Info.plist";
				LD_RUNPATH_SEARCH_PATHS = (
					"$(inherited)",
					"@executable_path/Frameworks",
				);
				PRODUCT_BUNDLE_IDENTIFIER = com.damonallison.swift.fundamentals;
				PRODUCT_NAME = "$(TARGET_NAME)";
				SWIFT_OBJC_BRIDGING_HEADER = "";
				SWIFT_OPTIMIZATION_LEVEL = "-Onone";
				SWIFT_VERSION = 4.2;
				TARGETED_DEVICE_FAMILY = "1,2";
			};
			name = Debug;
		};
		21D4ED1421864C22003A1B4C /* Release */ = {
			isa = XCBuildConfiguration;
			buildSettings = {
				ASSETCATALOG_COMPILER_APPICON_NAME = AppIcon;
				CLANG_ENABLE_MODULES = YES;
				CODE_SIGN_STYLE = Automatic;
				DEVELOPMENT_TEAM = Q756N68G3Y;
				INFOPLIST_FILE = "SwiftFundamentals-iOS/Info.plist";
				LD_RUNPATH_SEARCH_PATHS = (
					"$(inherited)",
					"@executable_path/Frameworks",
				);
				PRODUCT_BUNDLE_IDENTIFIER = com.damonallison.swift.fundamentals;
				PRODUCT_NAME = "$(TARGET_NAME)";
				SWIFT_OBJC_BRIDGING_HEADER = "";
				SWIFT_VERSION = 4.2;
				TARGETED_DEVICE_FAMILY = "1,2";
			};
			name = Release;
		};
		21D4ED1621864C22003A1B4C /* Debug */ = {
			isa = XCBuildConfiguration;
			buildSettings = {
				ALWAYS_EMBED_SWIFT_STANDARD_LIBRARIES = YES;
				BUNDLE_LOADER = "$(TEST_HOST)";
				CODE_SIGN_STYLE = Automatic;
				DEVELOPMENT_TEAM = Q756N68G3Y;
				INFOPLIST_FILE = "SwiftFundamentals-iOSTests/Info.plist";
				LD_RUNPATH_SEARCH_PATHS = (
					"$(inherited)",
					"@executable_path/Frameworks",
					"@loader_path/Frameworks",
				);
				PRODUCT_BUNDLE_IDENTIFIER = "com.damonallison.swift.SwiftFundamentals-iOSTests";
				PRODUCT_NAME = "$(TARGET_NAME)";
				SWIFT_OBJC_BRIDGING_HEADER = "SwiftFundamentals-iOSTests/SwiftFundamentals-iOSTests-BridgingHeader.h";
				SWIFT_VERSION = 4.2;
				TARGETED_DEVICE_FAMILY = "1,2";
				TEST_HOST = "$(BUILT_PRODUCTS_DIR)/SwiftFundamentals-iOS.app/SwiftFundamentals-iOS";
			};
			name = Debug;
		};
		21D4ED1721864C22003A1B4C /* Release */ = {
			isa = XCBuildConfiguration;
			buildSettings = {
				ALWAYS_EMBED_SWIFT_STANDARD_LIBRARIES = YES;
				BUNDLE_LOADER = "$(TEST_HOST)";
				CODE_SIGN_STYLE = Automatic;
				DEVELOPMENT_TEAM = Q756N68G3Y;
				INFOPLIST_FILE = "SwiftFundamentals-iOSTests/Info.plist";
				LD_RUNPATH_SEARCH_PATHS = (
					"$(inherited)",
					"@executable_path/Frameworks",
					"@loader_path/Frameworks",
				);
				PRODUCT_BUNDLE_IDENTIFIER = "com.damonallison.swift.SwiftFundamentals-iOSTests";
				PRODUCT_NAME = "$(TARGET_NAME)";
				SWIFT_OBJC_BRIDGING_HEADER = "SwiftFundamentals-iOSTests/SwiftFundamentals-iOSTests-BridgingHeader.h";
				SWIFT_VERSION = 4.2;
				TARGETED_DEVICE_FAMILY = "1,2";
				TEST_HOST = "$(BUILT_PRODUCTS_DIR)/SwiftFundamentals-iOS.app/SwiftFundamentals-iOS";
			};
			name = Release;
		};
		21D4ED1921864C22003A1B4C /* Debug */ = {
			isa = XCBuildConfiguration;
			buildSettings = {
				ALWAYS_EMBED_SWIFT_STANDARD_LIBRARIES = YES;
				CODE_SIGN_STYLE = Automatic;
				DEVELOPMENT_TEAM = Q756N68G3Y;
				INFOPLIST_FILE = "SwiftFundamentals-iOSUITests/Info.plist";
				LD_RUNPATH_SEARCH_PATHS = (
					"$(inherited)",
					"@executable_path/Frameworks",
					"@loader_path/Frameworks",
				);
				PRODUCT_BUNDLE_IDENTIFIER = "com.damonallison.swift.SwiftFundamentals-iOSUITests";
				PRODUCT_NAME = "$(TARGET_NAME)";
				SWIFT_VERSION = 4.2;
				TARGETED_DEVICE_FAMILY = "1,2";
				TEST_TARGET_NAME = "SwiftFundamentals-iOS";
			};
			name = Debug;
		};
		21D4ED1A21864C22003A1B4C /* Release */ = {
			isa = XCBuildConfiguration;
			buildSettings = {
				ALWAYS_EMBED_SWIFT_STANDARD_LIBRARIES = YES;
				CODE_SIGN_STYLE = Automatic;
				DEVELOPMENT_TEAM = Q756N68G3Y;
				INFOPLIST_FILE = "SwiftFundamentals-iOSUITests/Info.plist";
				LD_RUNPATH_SEARCH_PATHS = (
					"$(inherited)",
					"@executable_path/Frameworks",
					"@loader_path/Frameworks",
				);
				PRODUCT_BUNDLE_IDENTIFIER = "com.damonallison.swift.SwiftFundamentals-iOSUITests";
				PRODUCT_NAME = "$(TARGET_NAME)";
				SWIFT_VERSION = 4.2;
				TARGETED_DEVICE_FAMILY = "1,2";
				TEST_TARGET_NAME = "SwiftFundamentals-iOS";
			};
			name = Release;
		};
/* End XCBuildConfiguration section */

/* Begin XCConfigurationList section */
		21D4ECE521864C1F003A1B4C /* Build configuration list for PBXProject "SwiftFundamentals-iOS" */ = {
			isa = XCConfigurationList;
			buildConfigurations = (
				21D4ED1021864C22003A1B4C /* Debug */,
				21D4ED1121864C22003A1B4C /* Release */,
			);
			defaultConfigurationIsVisible = 0;
			defaultConfigurationName = Release;
		};
		21D4ED1221864C22003A1B4C /* Build configuration list for PBXNativeTarget "SwiftFundamentals-iOS" */ = {
			isa = XCConfigurationList;
			buildConfigurations = (
				21D4ED1321864C22003A1B4C /* Debug */,
				21D4ED1421864C22003A1B4C /* Release */,
			);
			defaultConfigurationIsVisible = 0;
			defaultConfigurationName = Release;
		};
		21D4ED1521864C22003A1B4C /* Build configuration list for PBXNativeTarget "SwiftFundamentals-iOSTests" */ = {
			isa = XCConfigurationList;
			buildConfigurations = (
				21D4ED1621864C22003A1B4C /* Debug */,
				21D4ED1721864C22003A1B4C /* Release */,
			);
			defaultConfigurationIsVisible = 0;
			defaultConfigurationName = Release;
		};
		21D4ED1821864C22003A1B4C /* Build configuration list for PBXNativeTarget "SwiftFundamentals-iOSUITests" */ = {
			isa = XCConfigurationList;
			buildConfigurations = (
				21D4ED1921864C22003A1B4C /* Debug */,
				21D4ED1A21864C22003A1B4C /* Release */,
			);
			defaultConfigurationIsVisible = 0;
			defaultConfigurationName = Release;
		};
/* End XCConfigurationList section */
	};
	rootObject = 21D4ECE221864C1F003A1B4C /* Project object */;
}
